
Microsoft Visual Studio Solution File, Format Version 12.00
# Visual Studio Version 17
VisualStudioVersion = 17.11.35208.52
MinimumVisualStudioVersion = 10.0.40219.1
Project("{FAE04EC0-301F-11D3-BF4B-00C04F79EFBC}") = "WinFormsApp4", "WinFormsApp4.csproj", "{3E965783-E766-4A05-9035-B27E2479B5D3}"
EndProject
Global
	GlobalSection(SolutionConfigurationPlatforms) = preSolution
		Debug|Any CPU = Debug|Any CPU
		Release|Any CPU = Release|Any CPU
	EndGlobalSection
	GlobalSection(ProjectConfigurationPlatforms) = postSolution
		{3E965783-E766-4A05-9035-B27E2479B5D3}.Debug|Any CPU.ActiveCfg = Debug|Any CPU
		{3E965783-E766-4A05-9035-B27E2479B5D3}.Debug|Any CPU.Build.0 = Debug|Any CPU
		{3E965783-E766-4A05-9035-B27E2479B5D3}.Release|Any CPU.ActiveCfg = Release|Any CPU
		{3E965783-E766-4A05-9035-B27E2479B5D3}.Release|Any CPU.Build.0 = Release|Any CPU
	EndGlobalSection
	GlobalSection(SolutionProperties) = preSolution
		HideSolutionNode = FALSE
	EndGlobalSection
	GlobalSection(ExtensibilityGlobals) = postSolution
		SolutionGuid = {F7D6F389-0040-445D-B744-40BAE21FE041}
	EndGlobalSection
EndGlobal
