
Microsoft Visual Studio Solution File, Format Version 12.00
# Visual Studio Version 17
VisualStudioVersion = 17.11.35208.52
MinimumVisualStudioVersion = 10.0.40219.1
Project("{FAE04EC0-301F-11D3-BF4B-00C04F79EFBC}") = "baitapngay19", "baitapngay19.csproj", "{A365A365-E165-4C24-A696-48DF8325A7DF}"
EndProject
Global
	GlobalSection(SolutionConfigurationPlatforms) = preSolution
		Debug|Any CPU = Debug|Any CPU
		Release|Any CPU = Release|Any CPU
	EndGlobalSection
	GlobalSection(ProjectConfigurationPlatforms) = postSolution
		{A365A365-E165-4C24-A696-48DF8325A7DF}.Debug|Any CPU.ActiveCfg = Debug|Any CPU
		{A365A365-E165-4C24-A696-48DF8325A7DF}.Debug|Any CPU.Build.0 = Debug|Any CPU
		{A365A365-E165-4C24-A696-48DF8325A7DF}.Release|Any CPU.ActiveCfg = Release|Any CPU
		{A365A365-E165-4C24-A696-48DF8325A7DF}.Release|Any CPU.Build.0 = Release|Any CPU
	EndGlobalSection
	GlobalSection(SolutionProperties) = preSolution
		HideSolutionNode = FALSE
	EndGlobalSection
	GlobalSection(ExtensibilityGlobals) = postSolution
		SolutionGuid = {10ECE6B0-1519-412B-B015-F0DC5C035E34}
	EndGlobalSection
EndGlobal
